// !$*UTF8*$!
{
	archiveVersion = 1;
	classes = {
	};
	objectVersion = 50;
	objects = {

/* Begin PBXBuildFile section */
		DF040EDE24D7580200CABB7B /* AppDelegate.swift in Sources */ = {isa = PBXBuildFile; fileRef = DF040EDD24D7580200CABB7B /* AppDelegate.swift */; };
		DF040EE024D7580200CABB7B /* SceneDelegate.swift in Sources */ = {isa = PBXBuildFile; fileRef = DF040EDF24D7580200CABB7B /* SceneDelegate.swift */; };
		DF040EE224D7580200CABB7B /* SetGameView.swift in Sources */ = {isa = PBXBuildFile; fileRef = DF040EE124D7580200CABB7B /* SetGameView.swift */; };
		DF040EE424D7580400CABB7B /* Assets.xcassets in Resources */ = {isa = PBXBuildFile; fileRef = DF040EE324D7580400CABB7B /* Assets.xcassets */; };
		DF040EE724D7580400CABB7B /* Preview Assets.xcassets in Resources */ = {isa = PBXBuildFile; fileRef = DF040EE624D7580400CABB7B /* Preview Assets.xcassets */; };
		DF040EEA24D7580400CABB7B /* LaunchScreen.storyboard in Resources */ = {isa = PBXBuildFile; fileRef = DF040EE824D7580400CABB7B /* LaunchScreen.storyboard */; };
		DF040EF224D758E500CABB7B /* SetGame.swift in Sources */ = {isa = PBXBuildFile; fileRef = DF040EF124D758E500CABB7B /* SetGame.swift */; };
		DF040EF424D7599700CABB7B /* SetGameViewModel.swift in Sources */ = {isa = PBXBuildFile; fileRef = DF040EF324D7599700CABB7B /* SetGameViewModel.swift */; };
		DF040EF624D75AFC00CABB7B /* Grid.swift in Sources */ = {isa = PBXBuildFile; fileRef = DF040EF524D75AFC00CABB7B /* Grid.swift */; };
		DF040EF824D75B1B00CABB7B /* GridLayout.swift in Sources */ = {isa = PBXBuildFile; fileRef = DF040EF724D75B1B00CABB7B /* GridLayout.swift */; };
		DF040EFC24D75C8000CABB7B /* Array+Identifiable.swift in Sources */ = {isa = PBXBuildFile; fileRef = DF040EFB24D75C8000CABB7B /* Array+Identifiable.swift */; };
		DF040EFE24D79EFE00CABB7B /* Types.swift in Sources */ = {isa = PBXBuildFile; fileRef = DF040EFD24D79EFE00CABB7B /* Types.swift */; };
/* End PBXBuildFile section */

/* Begin PBXFileReference section */
		DF040EDA24D7580200CABB7B /* SetGame.app */ = {isa = PBXFileReference; explicitFileType = wrapper.application; includeInIndex = 0; path = SetGame.app; sourceTree = BUILT_PRODUCTS_DIR; };
		DF040EDD24D7580200CABB7B /* AppDelegate.swift */ = {isa = PBXFileReference; lastKnownFileType = sourcecode.swift; path = AppDelegate.swift; sourceTree = "<group>"; };
		DF040EDF24D7580200CABB7B /* SceneDelegate.swift */ = {isa = PBXFileReference; lastKnownFileType = sourcecode.swift; path = SceneDelegate.swift; sourceTree = "<group>"; };
		DF040EE124D7580200CABB7B /* SetGameView.swift */ = {isa = PBXFileReference; lastKnownFileType = sourcecode.swift; path = SetGameView.swift; sourceTree = "<group>"; };
		DF040EE324D7580400CABB7B /* Assets.xcassets */ = {isa = PBXFileReference; lastKnownFileType = folder.assetcatalog; path = Assets.xcassets; sourceTree = "<group>"; };
		DF040EE624D7580400CABB7B /* Preview Assets.xcassets */ = {isa = PBXFileReference; lastKnownFileType = folder.assetcatalog; path = "Preview Assets.xcassets"; sourceTree = "<group>"; };
		DF040EE924D7580400CABB7B /* Base */ = {isa = PBXFileReference; lastKnownFileType = file.storyboard; name = Base; path = Base.lproj/LaunchScreen.storyboard; sourceTree = "<group>"; };
		DF040EEB24D7580400CABB7B /* Info.plist */ = {isa = PBXFileReference; lastKnownFileType = text.plist.xml; path = Info.plist; sourceTree = "<group>"; };
		DF040EF124D758E500CABB7B /* SetGame.swift */ = {isa = PBXFileReference; lastKnownFileType = sourcecode.swift; path = SetGame.swift; sourceTree = "<group>"; };
		DF040EF324D7599700CABB7B /* SetGameViewModel.swift */ = {isa = PBXFileReference; lastKnownFileType = sourcecode.swift; path = SetGameViewModel.swift; sourceTree = "<group>"; };
		DF040EF524D75AFC00CABB7B /* Grid.swift */ = {isa = PBXFileReference; lastKnownFileType = sourcecode.swift; path = Grid.swift; sourceTree = "<group>"; };
		DF040EF724D75B1B00CABB7B /* GridLayout.swift */ = {isa = PBXFileReference; lastKnownFileType = sourcecode.swift; path = GridLayout.swift; sourceTree = "<group>"; };
		DF040EFB24D75C8000CABB7B /* Array+Identifiable.swift */ = {isa = PBXFileReference; lastKnownFileType = sourcecode.swift; path = "Array+Identifiable.swift"; sourceTree = "<group>"; };
		DF040EFD24D79EFE00CABB7B /* Types.swift */ = {isa = PBXFileReference; lastKnownFileType = sourcecode.swift; path = Types.swift; sourceTree = "<group>"; };
/* End PBXFileReference section */

/* Begin PBXFrameworksBuildPhase section */
		DF040ED724D7580200CABB7B /* Frameworks */ = {
			isa = PBXFrameworksBuildPhase;
			buildActionMask = 2147483647;
			files = (
			);
			runOnlyForDeploymentPostprocessing = 0;
		};
/* End PBXFrameworksBuildPhase section */

/* Begin PBXGroup section */
		DF040ED124D7580200CABB7B = {
			isa = PBXGroup;
			children = (
				DF040EDC24D7580200CABB7B /* SetGame */,
				DF040EDB24D7580200CABB7B /* Products */,
			);
			sourceTree = "<group>";
		};
		DF040EDB24D7580200CABB7B /* Products */ = {
			isa = PBXGroup;
			children = (
				DF040EDA24D7580200CABB7B /* SetGame.app */,
			);
			name = Products;
			sourceTree = "<group>";
		};
		DF040EDC24D7580200CABB7B /* SetGame */ = {
			isa = PBXGroup;
			children = (
				DF040EDD24D7580200CABB7B /* AppDelegate.swift */,
				DF040EDF24D7580200CABB7B /* SceneDelegate.swift */,
				DF040EE124D7580200CABB7B /* SetGameView.swift */,
				DF040EFB24D75C8000CABB7B /* Array+Identifiable.swift */,
				DF040EF524D75AFC00CABB7B /* Grid.swift */,
				DF040EFD24D79EFE00CABB7B /* Types.swift */,
				DF040EF724D75B1B00CABB7B /* GridLayout.swift */,
				DF040EF124D758E500CABB7B /* SetGame.swift */,
				DF040EF324D7599700CABB7B /* SetGameViewModel.swift */,
				DF040EE324D7580400CABB7B /* Assets.xcassets */,
				DF040EE824D7580400CABB7B /* LaunchScreen.storyboard */,
				DF040EEB24D7580400CABB7B /* Info.plist */,
				DF040EE524D7580400CABB7B /* Preview Content */,
			);
			path = SetGame;
			sourceTree = "<group>";
		};
		DF040EE524D7580400CABB7B /* Preview Content */ = {
			isa = PBXGroup;
			children = (
				DF040EE624D7580400CABB7B /* Preview Assets.xcassets */,
			);
			path = "Preview Content";
			sourceTree = "<group>";
		};
/* End PBXGroup section */

/* Begin PBXNativeTarget section */
		DF040ED924D7580200CABB7B /* SetGame */ = {
			isa = PBXNativeTarget;
			buildConfigurationList = DF040EEE24D7580400CABB7B /* Build configuration list for PBXNativeTarget "SetGame" */;
			buildPhases = (
				DF040ED624D7580200CABB7B /* Sources */,
				DF040ED724D7580200CABB7B /* Frameworks */,
				DF040ED824D7580200CABB7B /* Resources */,
			);
			buildRules = (
			);
			dependencies = (
			);
			name = SetGame;
			productName = SetGame;
			productReference = DF040EDA24D7580200CABB7B /* SetGame.app */;
			productType = "com.apple.product-type.application";
		};
/* End PBXNativeTarget section */

/* Begin PBXProject section */
		DF040ED224D7580200CABB7B /* Project object */ = {
			isa = PBXProject;
			attributes = {
				LastSwiftUpdateCheck = 1160;
				LastUpgradeCheck = 1160;
				ORGANIZATIONNAME = "Cosmos Liu";
				TargetAttributes = {
					DF040ED924D7580200CABB7B = {
						CreatedOnToolsVersion = 11.6;
					};
				};
			};
			buildConfigurationList = DF040ED524D7580200CABB7B /* Build configuration list for PBXProject "SetGame" */;
			compatibilityVersion = "Xcode 9.3";
			developmentRegion = en;
			hasScannedForEncodings = 0;
			knownRegions = (
				en,
				Base,
			);
			mainGroup = DF040ED124D7580200CABB7B;
			productRefGroup = DF040EDB24D7580200CABB7B /* Products */;
			projectDirPath = "";
			projectRoot = "";
			targets = (
				DF040ED924D7580200CABB7B /* SetGame */,
			);
		};
/* End PBXProject section */

/* Begin PBXResourcesBuildPhase section */
		DF040ED824D7580200CABB7B /* Resources */ = {
			isa = PBXResourcesBuildPhase;
			buildActionMask = 2147483647;
			files = (
				DF040EEA24D7580400CABB7B /* LaunchScreen.storyboard in Resources */,
				DF040EE724D7580400CABB7B /* Preview Assets.xcassets in Resources */,
				DF040EE424D7580400CABB7B /* Assets.xcassets in Resources */,
			);
			runOnlyForDeploymentPostprocessing = 0;
		};
/* End PBXResourcesBuildPhase section */

/* Begin PBXSourcesBuildPhase section */
		DF040ED624D7580200CABB7B /* Sources */ = {
			isa = PBXSourcesBuildPhase;
			buildActionMask = 2147483647;
			files = (
				DF040EDE24D7580200CABB7B /* AppDelegate.swift in Sources */,
				DF040EE024D7580200CABB7B /* SceneDelegate.swift in Sources */,
				DF040EF224D758E500CABB7B /* SetGame.swift in Sources */,
				DF040EE224D7580200CABB7B /* SetGameView.swift in Sources */,
				DF040EF424D7599700CABB7B /* SetGameViewModel.swift in Sources */,
				DF040EFC24D75C8000CABB7B /* Array+Identifiable.swift in Sources */,
				DF040EFE24D79EFE00CABB7B /* Types.swift in Sources */,
				DF040EF824D75B1B00CABB7B /* GridLayout.swift in Sources */,
				DF040EF624D75AFC00CABB7B /* Grid.swift in Sources */,
			);
			runOnlyForDeploymentPostprocessing = 0;
		};
/* End PBXSourcesBuildPhase section */

/* Begin PBXVariantGroup section */
		DF040EE824D7580400CABB7B /* LaunchScreen.storyboard */ = {
			isa = PBXVariantGroup;
			children = (
				DF040EE924D7580400CABB7B /* Base */,
			);
			name = LaunchScreen.storyboard;
			sourceTree = "<group>";
		};
/* End PBXVariantGroup section */

/* Begin XCBuildConfiguration section */
		DF040EEC24D7580400CABB7B /* Debug */ = {
			isa = XCBuildConfiguration;
			buildSettings = {
				ALWAYS_SEARCH_USER_PATHS = NO;
				CLANG_ANALYZER_NONNULL = YES;
				CLANG_ANALYZER_NUMBER_OBJECT_CONVERSION = YES_AGGRESSIVE;
				CLANG_CXX_LANGUAGE_STANDARD = "gnu++14";
				CLANG_CXX_LIBRARY = "libc++";
				CLANG_ENABLE_MODULES = YES;
				CLANG_ENABLE_OBJC_ARC = YES;
				CLANG_ENABLE_OBJC_WEAK = YES;
				CLANG_WARN_BLOCK_CAPTURE_AUTORELEASING = YES;
				CLANG_WARN_BOOL_CONVERSION = YES;
				CLANG_WARN_COMMA = YES;
				CLANG_WARN_CONSTANT_CONVERSION = YES;
				CLANG_WARN_DEPRECATED_OBJC_IMPLEMENTATIONS = YES;
				CLANG_WARN_DIRECT_OBJC_ISA_USAGE = YES_ERROR;
				CLANG_WARN_DOCUMENTATION_COMMENTS = YES;
				CLANG_WARN_EMPTY_BODY = YES;
				CLANG_WARN_ENUM_CONVERSION = YES;
				CLANG_WARN_INFINITE_RECURSION = YES;
				CLANG_WARN_INT_CONVERSION = YES;
				CLANG_WARN_NON_LITERAL_NULL_CONVERSION = YES;
				CLANG_WARN_OBJC_IMPLICIT_RETAIN_SELF = YES;
				CLANG_WARN_OBJC_LITERAL_CONVERSION = YES;
				CLANG_WARN_OBJC_ROOT_CLASS = YES_ERROR;
				CLANG_WARN_RANGE_LOOP_ANALYSIS = YES;
				CLANG_WARN_STRICT_PROTOTYPES = YES;
				CLANG_WARN_SUSPICIOUS_MOVE = YES;
				CLANG_WARN_UNGUARDED_AVAILABILITY = YES_AGGRESSIVE;
				CLANG_WARN_UNREACHABLE_CODE = YES;
				CLANG_WARN__DUPLICATE_METHOD_MATCH = YES;
				COPY_PHASE_STRIP = NO;
				DEBUG_INFORMATION_FORMAT = dwarf;
				ENABLE_STRICT_OBJC_MSGSEND = YES;
				ENABLE_TESTABILITY = YES;
				GCC_C_LANGUAGE_STANDARD = gnu11;
				GCC_DYNAMIC_NO_PIC = NO;
				GCC_NO_COMMON_BLOCKS = YES;
				GCC_OPTIMIZATION_LEVEL = 0;
				GCC_PREPROCESSOR_DEFINITIONS = (
					"DEBUG=1",
					"$(inherited)",
				);
				GCC_WARN_64_TO_32_BIT_CONVERSION = YES;
				GCC_WARN_ABOUT_RETURN_TYPE = YES_ERROR;
				GCC_WARN_UNDECLARED_SELECTOR = YES;
				GCC_WARN_UNINITIALIZED_AUTOS = YES_AGGRESSIVE;
				GCC_WARN_UNUSED_FUNCTION = YES;
				GCC_WARN_UNUSED_VARIABLE = YES;
				IPHONEOS_DEPLOYMENT_TARGET = 13.6;
				MTL_ENABLE_DEBUG_INFO = INCLUDE_SOURCE;
				MTL_FAST_MATH = YES;
				ONLY_ACTIVE_ARCH = YES;
				SDKROOT = iphoneos;
				SWIFT_ACTIVE_COMPILATION_CONDITIONS = DEBUG;
				SWIFT_OPTIMIZATION_LEVEL = "-Onone";
			};
			name = Debug;
		};
		DF040EED24D7580400CABB7B /* Release */ = {
			isa = XCBuildConfiguration;
			buildSettings = {
				ALWAYS_SEARCH_USER_PATHS = NO;
				CLANG_ANALYZER_NONNULL = YES;
				CLANG_ANALYZER_NUMBER_OBJECT_CONVERSION = YES_AGGRESSIVE;
				CLANG_CXX_LANGUAGE_STANDARD = "gnu++14";
				CLANG_CXX_LIBRARY = "libc++";
				CLANG_ENABLE_MODULES = YES;
				CLANG_ENABLE_OBJC_ARC = YES;
				CLANG_ENABLE_OBJC_WEAK = YES;
				CLANG_WARN_BLOCK_CAPTURE_AUTORELEASING = YES;
				CLANG_WARN_BOOL_CONVERSION = YES;
				CLANG_WARN_COMMA = YES;
				CLANG_WARN_CONSTANT_CONVERSION = YES;
				CLANG_WARN_DEPRECATED_OBJC_IMPLEMENTATIONS = YES;
				CLANG_WARN_DIRECT_OBJC_ISA_USAGE = YES_ERROR;
				CLANG_WARN_DOCUMENTATION_COMMENTS = YES;
				CLANG_WARN_EMPTY_BODY = YES;
				CLANG_WARN_ENUM_CONVERSION = YES;
				CLANG_WARN_INFINITE_RECURSION = YES;
				CLANG_WARN_INT_CONVERSION = YES;
				CLANG_WARN_NON_LITERAL_NULL_CONVERSION = YES;
				CLANG_WARN_OBJC_IMPLICIT_RETAIN_SELF = YES;
				CLANG_WARN_OBJC_LITERAL_CONVERSION = YES;
				CLANG_WARN_OBJC_ROOT_CLASS = YES_ERROR;
				CLANG_WARN_RANGE_LOOP_ANALYSIS = YES;
				CLANG_WARN_STRICT_PROTOTYPES = YES;
				CLANG_WARN_SUSPICIOUS_MOVE = YES;
				CLANG_WARN_UNGUARDED_AVAILABILITY = YES_AGGRESSIVE;
				CLANG_WARN_UNREACHABLE_CODE = YES;
				CLANG_WARN__DUPLICATE_METHOD_MATCH = YES;
				COPY_PHASE_STRIP = NO;
				DEBUG_INFORMATION_FORMAT = "dwarf-with-dsym";
				ENABLE_NS_ASSERTIONS = NO;
				ENABLE_STRICT_OBJC_MSGSEND = YES;
				GCC_C_LANGUAGE_STANDARD = gnu11;
				GCC_NO_COMMON_BLOCKS = YES;
				GCC_WARN_64_TO_32_BIT_CONVERSION = YES;
				GCC_WARN_ABOUT_RETURN_TYPE = YES_ERROR;
				GCC_WARN_UNDECLARED_SELECTOR = YES;
				GCC_WARN_UNINITIALIZED_AUTOS = YES_AGGRESSIVE;
				GCC_WARN_UNUSED_FUNCTION = YES;
				GCC_WARN_UNUSED_VARIABLE = YES;
				IPHONEOS_DEPLOYMENT_TARGET = 13.6;
				MTL_ENABLE_DEBUG_INFO = NO;
				MTL_FAST_MATH = YES;
				SDKROOT = iphoneos;
				SWIFT_COMPILATION_MODE = wholemodule;
				SWIFT_OPTIMIZATION_LEVEL = "-O";
				VALIDATE_PRODUCT = YES;
			};
			name = Release;
		};
		DF040EEF24D7580400CABB7B /* Debug */ = {
			isa = XCBuildConfiguration;
			buildSettings = {
				ASSETCATALOG_COMPILER_APPICON_NAME = AppIcon;
				CODE_SIGN_STYLE = Automatic;
				DEVELOPMENT_ASSET_PATHS = "\"SetGame/Preview Content\"";
				DEVELOPMENT_TEAM = B4WWKNHA56;
				ENABLE_PREVIEWS = YES;
				INFOPLIST_FILE = SetGame/Info.plist;
				LD_RUNPATH_SEARCH_PATHS = (
					"$(inherited)",
					"@executable_path/Frameworks",
				);
				PRODUCT_BUNDLE_IDENTIFIER = com.cosmosliu.SetGame;
				PRODUCT_NAME = "$(TARGET_NAME)";
				SWIFT_VERSION = 5.0;
				TARGETED_DEVICE_FAMILY = "1,2";
			};
			name = Debug;
		};
		DF040EF024D7580400CABB7B /* Release */ = {
			isa = XCBuildConfiguration;
			buildSettings = {
				ASSETCATALOG_COMPILER_APPICON_NAME = AppIcon;
				CODE_SIGN_STYLE = Automatic;
				DEVELOPMENT_ASSET_PATHS = "\"SetGame/Preview Content\"";
				DEVELOPMENT_TEAM = B4WWKNHA56;
				ENABLE_PREVIEWS = YES;
				INFOPLIST_FILE = SetGame/Info.plist;
				LD_RUNPATH_SEARCH_PATHS = (
					"$(inherited)",
					"@executable_path/Frameworks",
				);
				PRODUCT_BUNDLE_IDENTIFIER = com.cosmosliu.SetGame;
				PRODUCT_NAME = "$(TARGET_NAME)";
				SWIFT_VERSION = 5.0;
				TARGETED_DEVICE_FAMILY = "1,2";
			};
			name = Release;
		};
/* End XCBuildConfiguration section */

/* Begin XCConfigurationList section */
		DF040ED524D7580200CABB7B /* Build configuration list for PBXProject "SetGame" */ = {
			isa = XCConfigurationList;
			buildConfigurations = (
				DF040EEC24D7580400CABB7B /* Debug */,
				DF040EED24D7580400CABB7B /* Release */,
			);
			defaultConfigurationIsVisible = 0;
			defaultConfigurationName = Release;
		};
		DF040EEE24D7580400CABB7B /* Build configuration list for PBXNativeTarget "SetGame" */ = {
			isa = XCConfigurationList;
			buildConfigurations = (
				DF040EEF24D7580400CABB7B /* Debug */,
				DF040EF024D7580400CABB7B /* Release */,
			);
			defaultConfigurationIsVisible = 0;
			defaultConfigurationName = Release;
		};
/* End XCConfigurationList section */
	};
	rootObject = DF040ED224D7580200CABB7B /* Project object */;
}
